
Microsoft Visual Studio Solution File, Format Version 12.00
# Visual Studio Version 16
VisualStudioVersion = 16.0.28803.352
MinimumVisualStudioVersion = 10.0.40219.1
Project("{9A19103F-16F7-4668-BE54-9A1E7A4F7556}") = "MiscTwitchChat", "MiscTwitchChat\MiscTwitchChat.csproj", "{03F06CB1-8C42-4C59-8939-3FD8EDFAA53C}"
EndProject
Global
	GlobalSection(SolutionConfigurationPlatforms) = preSolution
		Debug|Any CPU = Debug|Any CPU
		Release|Any CPU = Release|Any CPU
	EndGlobalSection
	GlobalSection(ProjectConfigurationPlatforms) = postSolution
		{03F06CB1-8C42-4C59-8939-3FD8EDFAA53C}.Debug|Any CPU.ActiveCfg = Debug|Any CPU
		{03F06CB1-8C42-4C59-8939-3FD8EDFAA53C}.Debug|Any CPU.Build.0 = Debug|Any CPU
		{03F06CB1-8C42-4C59-8939-3FD8EDFAA53C}.Release|Any CPU.ActiveCfg = Release|Any CPU
		{03F06CB1-8C42-4C59-8939-3FD8EDFAA53C}.Release|Any CPU.Build.0 = Release|Any CPU
	EndGlobalSection
	GlobalSection(SolutionProperties) = preSolution
		HideSolutionNode = FALSE
	EndGlobalSection
	GlobalSection(ExtensibilityGlobals) = postSolution
		SolutionGuid = {8F470B24-EF55-4C63-BB98-5E57CCB67A4B}
	EndGlobalSection
EndGlobal
