
Microsoft Visual Studio Solution File, Format Version 12.00
# Visual Studio 15
VisualStudioVersion = 15.0.28307.168
MinimumVisualStudioVersion = 10.0.40219.1
Project("{FAE04EC0-301F-11D3-BF4B-00C04F79EFBC}") = "MiscTwitchChat", "MiscTwitchChat\MiscTwitchChat.csproj", "{5E452165-CD51-48B2-B067-4CA9792069C8}"
EndProject
Global
	GlobalSection(SolutionConfigurationPlatforms) = preSolution
		Debug|Any CPU = Debug|Any CPU
		Release|Any CPU = Release|Any CPU
	EndGlobalSection
	GlobalSection(ProjectConfigurationPlatforms) = postSolution
		{5E452165-CD51-48B2-B067-4CA9792069C8}.Debug|Any CPU.ActiveCfg = Debug|Any CPU
		{5E452165-CD51-48B2-B067-4CA9792069C8}.Debug|Any CPU.Build.0 = Debug|Any CPU
		{5E452165-CD51-48B2-B067-4CA9792069C8}.Release|Any CPU.ActiveCfg = Release|Any CPU
		{5E452165-CD51-48B2-B067-4CA9792069C8}.Release|Any CPU.Build.0 = Release|Any CPU
	EndGlobalSection
	GlobalSection(SolutionProperties) = preSolution
		HideSolutionNode = FALSE
	EndGlobalSection
	GlobalSection(ExtensibilityGlobals) = postSolution
		SolutionGuid = {8F470B24-EF55-4C63-BB98-5E57CCB67A4B}
	EndGlobalSection
EndGlobal
