
Microsoft Visual Studio Solution File, Format Version 12.00
# Visual Studio Version 16
VisualStudioVersion = 16.0.28803.352
MinimumVisualStudioVersion = 10.0.40219.1
Project("{9A19103F-16F7-4668-BE54-9A1E7A4F7556}") = "MiscTwitchChat", "MiscTwitchChat\MiscTwitchChat.csproj", "{03F06CB1-8C42-4C59-8939-3FD8EDFAA53C}"
EndProject
Project("{9A19103F-16F7-4668-BE54-9A1E7A4F7556}") = "TwitchActivityBot", "TwitchActivityBot\TwitchActivityBot.csproj", "{33E07DC0-8E69-469B-BC28-FB697FB3611F}"
EndProject
Project("{FAE04EC0-301F-11D3-BF4B-00C04F79EFBC}") = "MiscTwitchChat.Classlib", "MiscTwitchChat.Classlib\MiscTwitchChat.Classlib.csproj", "{2204CD42-4921-43A9-ACF6-B04A752B5A05}"
EndProject
Global
	GlobalSection(SolutionConfigurationPlatforms) = preSolution
		Debug|Any CPU = Debug|Any CPU
		Release|Any CPU = Release|Any CPU
	EndGlobalSection
	GlobalSection(ProjectConfigurationPlatforms) = postSolution
		{03F06CB1-8C42-4C59-8939-3FD8EDFAA53C}.Debug|Any CPU.ActiveCfg = Debug|Any CPU
		{03F06CB1-8C42-4C59-8939-3FD8EDFAA53C}.Debug|Any CPU.Build.0 = Debug|Any CPU
		{03F06CB1-8C42-4C59-8939-3FD8EDFAA53C}.Release|Any CPU.ActiveCfg = Release|Any CPU
		{03F06CB1-8C42-4C59-8939-3FD8EDFAA53C}.Release|Any CPU.Build.0 = Release|Any CPU
		{33E07DC0-8E69-469B-BC28-FB697FB3611F}.Debug|Any CPU.ActiveCfg = Debug|Any CPU
		{33E07DC0-8E69-469B-BC28-FB697FB3611F}.Debug|Any CPU.Build.0 = Debug|Any CPU
		{33E07DC0-8E69-469B-BC28-FB697FB3611F}.Release|Any CPU.ActiveCfg = Release|Any CPU
		{33E07DC0-8E69-469B-BC28-FB697FB3611F}.Release|Any CPU.Build.0 = Release|Any CPU
		{2204CD42-4921-43A9-ACF6-B04A752B5A05}.Debug|Any CPU.ActiveCfg = Debug|Any CPU
		{2204CD42-4921-43A9-ACF6-B04A752B5A05}.Debug|Any CPU.Build.0 = Debug|Any CPU
		{2204CD42-4921-43A9-ACF6-B04A752B5A05}.Release|Any CPU.ActiveCfg = Release|Any CPU
		{2204CD42-4921-43A9-ACF6-B04A752B5A05}.Release|Any CPU.Build.0 = Release|Any CPU
	EndGlobalSection
	GlobalSection(SolutionProperties) = preSolution
		HideSolutionNode = FALSE
	EndGlobalSection
	GlobalSection(ExtensibilityGlobals) = postSolution
		SolutionGuid = {8F470B24-EF55-4C63-BB98-5E57CCB67A4B}
	EndGlobalSection
EndGlobal
